// !$*UTF8*$!
{
	archiveVersion = 1;
	classes = {
	};
	objectVersion = 46;
	objects = {

/* Begin PBXBuildFile section */
		04A8285C1ABF121A00B3BD07 /* AppDelegate.swift in Sources */ = {isa = PBXBuildFile; fileRef = 04A8285B1ABF121A00B3BD07 /* AppDelegate.swift */; };
		04A8285F1ABF121A00B3BD07 /* CGDemo.xcdatamodeld in Sources */ = {isa = PBXBuildFile; fileRef = 04A8285D1ABF121A00B3BD07 /* CGDemo.xcdatamodeld */; };
		04A828611ABF121A00B3BD07 /* ViewController.swift in Sources */ = {isa = PBXBuildFile; fileRef = 04A828601ABF121A00B3BD07 /* ViewController.swift */; };
		04A828641ABF121A00B3BD07 /* Main.storyboard in Resources */ = {isa = PBXBuildFile; fileRef = 04A828621ABF121A00B3BD07 /* Main.storyboard */; };
		04A828661ABF121A00B3BD07 /* Images.xcassets in Resources */ = {isa = PBXBuildFile; fileRef = 04A828651ABF121A00B3BD07 /* Images.xcassets */; };
		04A828691ABF121A00B3BD07 /* LaunchScreen.xib in Resources */ = {isa = PBXBuildFile; fileRef = 04A828671ABF121A00B3BD07 /* LaunchScreen.xib */; };
		04A828751ABF121B00B3BD07 /* CGDemoTests.swift in Sources */ = {isa = PBXBuildFile; fileRef = 04A828741ABF121B00B3BD07 /* CGDemoTests.swift */; };
/* End PBXBuildFile section */

/* Begin PBXContainerItemProxy section */
		04A8286F1ABF121B00B3BD07 /* PBXContainerItemProxy */ = {
			isa = PBXContainerItemProxy;
			containerPortal = 04A8284E1ABF121A00B3BD07 /* Project object */;
			proxyType = 1;
			remoteGlobalIDString = 04A828551ABF121A00B3BD07;
			remoteInfo = CGDemo;
		};
/* End PBXContainerItemProxy section */

/* Begin PBXFileReference section */
		04A828561ABF121A00B3BD07 /* CGDemo.app */ = {isa = PBXFileReference; explicitFileType = wrapper.application; includeInIndex = 0; path = CGDemo.app; sourceTree = BUILT_PRODUCTS_DIR; };
		04A8285A1ABF121A00B3BD07 /* Info.plist */ = {isa = PBXFileReference; lastKnownFileType = text.plist.xml; path = Info.plist; sourceTree = "<group>"; };
		04A8285B1ABF121A00B3BD07 /* AppDelegate.swift */ = {isa = PBXFileReference; lastKnownFileType = sourcecode.swift; path = AppDelegate.swift; sourceTree = "<group>"; };
		04A8285E1ABF121A00B3BD07 /* CGDemo.xcdatamodel */ = {isa = PBXFileReference; lastKnownFileType = wrapper.xcdatamodel; path = CGDemo.xcdatamodel; sourceTree = "<group>"; };
		04A828601ABF121A00B3BD07 /* ViewController.swift */ = {isa = PBXFileReference; lastKnownFileType = sourcecode.swift; path = ViewController.swift; sourceTree = "<group>"; };
		04A828631ABF121A00B3BD07 /* Base */ = {isa = PBXFileReference; lastKnownFileType = file.storyboard; name = Base; path = Base.lproj/Main.storyboard; sourceTree = "<group>"; };
		04A828651ABF121A00B3BD07 /* Images.xcassets */ = {isa = PBXFileReference; lastKnownFileType = folder.assetcatalog; path = Images.xcassets; sourceTree = "<group>"; };
		04A828681ABF121A00B3BD07 /* Base */ = {isa = PBXFileReference; lastKnownFileType = file.xib; name = Base; path = Base.lproj/LaunchScreen.xib; sourceTree = "<group>"; };
		04A8286E1ABF121B00B3BD07 /* CGDemoTests.xctest */ = {isa = PBXFileReference; explicitFileType = wrapper.cfbundle; includeInIndex = 0; path = CGDemoTests.xctest; sourceTree = BUILT_PRODUCTS_DIR; };
		04A828731ABF121B00B3BD07 /* Info.plist */ = {isa = PBXFileReference; lastKnownFileType = text.plist.xml; path = Info.plist; sourceTree = "<group>"; };
		04A828741ABF121B00B3BD07 /* CGDemoTests.swift */ = {isa = PBXFileReference; lastKnownFileType = sourcecode.swift; path = CGDemoTests.swift; sourceTree = "<group>"; };
/* End PBXFileReference section */

/* Begin PBXFrameworksBuildPhase section */
		04A828531ABF121A00B3BD07 /* Frameworks */ = {
			isa = PBXFrameworksBuildPhase;
			buildActionMask = 2147483647;
			files = (
			);
			runOnlyForDeploymentPostprocessing = 0;
		};
		04A8286B1ABF121B00B3BD07 /* Frameworks */ = {
			isa = PBXFrameworksBuildPhase;
			buildActionMask = 2147483647;
			files = (
			);
			runOnlyForDeploymentPostprocessing = 0;
		};
/* End PBXFrameworksBuildPhase section */

/* Begin PBXGroup section */
		04A8284D1ABF121A00B3BD07 = {
			isa = PBXGroup;
			children = (
				04A828581ABF121A00B3BD07 /* CGDemo */,
				04A828711ABF121B00B3BD07 /* CGDemoTests */,
				04A828571ABF121A00B3BD07 /* Products */,
			);
			sourceTree = "<group>";
		};
		04A828571ABF121A00B3BD07 /* Products */ = {
			isa = PBXGroup;
			children = (
				04A828561ABF121A00B3BD07 /* CGDemo.app */,
				04A8286E1ABF121B00B3BD07 /* CGDemoTests.xctest */,
			);
			name = Products;
			sourceTree = "<group>";
		};
		04A828581ABF121A00B3BD07 /* CGDemo */ = {
			isa = PBXGroup;
			children = (
				04A8285B1ABF121A00B3BD07 /* AppDelegate.swift */,
				04A828601ABF121A00B3BD07 /* ViewController.swift */,
				04A828621ABF121A00B3BD07 /* Main.storyboard */,
				04A828651ABF121A00B3BD07 /* Images.xcassets */,
				04A828671ABF121A00B3BD07 /* LaunchScreen.xib */,
				04A8285D1ABF121A00B3BD07 /* CGDemo.xcdatamodeld */,
				04A828591ABF121A00B3BD07 /* Supporting Files */,
			);
			path = CGDemo;
			sourceTree = "<group>";
		};
		04A828591ABF121A00B3BD07 /* Supporting Files */ = {
			isa = PBXGroup;
			children = (
				04A8285A1ABF121A00B3BD07 /* Info.plist */,
			);
			name = "Supporting Files";
			sourceTree = "<group>";
		};
		04A828711ABF121B00B3BD07 /* CGDemoTests */ = {
			isa = PBXGroup;
			children = (
				04A828741ABF121B00B3BD07 /* CGDemoTests.swift */,
				04A828721ABF121B00B3BD07 /* Supporting Files */,
			);
			path = CGDemoTests;
			sourceTree = "<group>";
		};
		04A828721ABF121B00B3BD07 /* Supporting Files */ = {
			isa = PBXGroup;
			children = (
				04A828731ABF121B00B3BD07 /* Info.plist */,
			);
			name = "Supporting Files";
			sourceTree = "<group>";
		};
/* End PBXGroup section */

/* Begin PBXNativeTarget section */
		04A828551ABF121A00B3BD07 /* CGDemo */ = {
			isa = PBXNativeTarget;
			buildConfigurationList = 04A828781ABF121B00B3BD07 /* Build configuration list for PBXNativeTarget "CGDemo" */;
			buildPhases = (
				04A828521ABF121A00B3BD07 /* Sources */,
				04A828531ABF121A00B3BD07 /* Frameworks */,
				04A828541ABF121A00B3BD07 /* Resources */,
			);
			buildRules = (
			);
			dependencies = (
			);
			name = CGDemo;
			productName = CGDemo;
			productReference = 04A828561ABF121A00B3BD07 /* CGDemo.app */;
			productType = "com.apple.product-type.application";
		};
		04A8286D1ABF121B00B3BD07 /* CGDemoTests */ = {
			isa = PBXNativeTarget;
			buildConfigurationList = 04A8287B1ABF121B00B3BD07 /* Build configuration list for PBXNativeTarget "CGDemoTests" */;
			buildPhases = (
				04A8286A1ABF121B00B3BD07 /* Sources */,
				04A8286B1ABF121B00B3BD07 /* Frameworks */,
				04A8286C1ABF121B00B3BD07 /* Resources */,
			);
			buildRules = (
			);
			dependencies = (
				04A828701ABF121B00B3BD07 /* PBXTargetDependency */,
			);
			name = CGDemoTests;
			productName = CGDemoTests;
			productReference = 04A8286E1ABF121B00B3BD07 /* CGDemoTests.xctest */;
			productType = "com.apple.product-type.bundle.unit-test";
		};
/* End PBXNativeTarget section */

/* Begin PBXProject section */
		04A8284E1ABF121A00B3BD07 /* Project object */ = {
			isa = PBXProject;
			attributes = {
				LastUpgradeCheck = 0620;
				ORGANIZATIONNAME = "Thibault Imbert";
				TargetAttributes = {
					04A828551ABF121A00B3BD07 = {
						CreatedOnToolsVersion = 6.2;
					};
					04A8286D1ABF121B00B3BD07 = {
						CreatedOnToolsVersion = 6.2;
						TestTargetID = 04A828551ABF121A00B3BD07;
					};
				};
			};
			buildConfigurationList = 04A828511ABF121A00B3BD07 /* Build configuration list for PBXProject "CGDemo" */;
			compatibilityVersion = "Xcode 3.2";
			developmentRegion = English;
			hasScannedForEncodings = 0;
			knownRegions = (
				en,
				Base,
			);
			mainGroup = 04A8284D1ABF121A00B3BD07;
			productRefGroup = 04A828571ABF121A00B3BD07 /* Products */;
			projectDirPath = "";
			projectRoot = "";
			targets = (
				04A828551ABF121A00B3BD07 /* CGDemo */,
				04A8286D1ABF121B00B3BD07 /* CGDemoTests */,
			);
		};
/* End PBXProject section */

/* Begin PBXResourcesBuildPhase section */
		04A828541ABF121A00B3BD07 /* Resources */ = {
			isa = PBXResourcesBuildPhase;
			buildActionMask = 2147483647;
			files = (
				04A828641ABF121A00B3BD07 /* Main.storyboard in Resources */,
				04A828691ABF121A00B3BD07 /* LaunchScreen.xib in Resources */,
				04A828661ABF121A00B3BD07 /* Images.xcassets in Resources */,
			);
			runOnlyForDeploymentPostprocessing = 0;
		};
		04A8286C1ABF121B00B3BD07 /* Resources */ = {
			isa = PBXResourcesBuildPhase;
			buildActionMask = 2147483647;
			files = (
			);
			runOnlyForDeploymentPostprocessing = 0;
		};
/* End PBXResourcesBuildPhase section */

/* Begin PBXSourcesBuildPhase section */
		04A828521ABF121A00B3BD07 /* Sources */ = {
			isa = PBXSourcesBuildPhase;
			buildActionMask = 2147483647;
			files = (
				04A828611ABF121A00B3BD07 /* ViewController.swift in Sources */,
				04A8285F1ABF121A00B3BD07 /* CGDemo.xcdatamodeld in Sources */,
				04A8285C1ABF121A00B3BD07 /* AppDelegate.swift in Sources */,
			);
			runOnlyForDeploymentPostprocessing = 0;
		};
		04A8286A1ABF121B00B3BD07 /* Sources */ = {
			isa = PBXSourcesBuildPhase;
			buildActionMask = 2147483647;
			files = (
				04A828751ABF121B00B3BD07 /* CGDemoTests.swift in Sources */,
			);
			runOnlyForDeploymentPostprocessing = 0;
		};
/* End PBXSourcesBuildPhase section */

/* Begin PBXTargetDependency section */
		04A828701ABF121B00B3BD07 /* PBXTargetDependency */ = {
			isa = PBXTargetDependency;
			target = 04A828551ABF121A00B3BD07 /* CGDemo */;
			targetProxy = 04A8286F1ABF121B00B3BD07 /* PBXContainerItemProxy */;
		};
/* End PBXTargetDependency section */

/* Begin PBXVariantGroup section */
		04A828621ABF121A00B3BD07 /* Main.storyboard */ = {
			isa = PBXVariantGroup;
			children = (
				04A828631ABF121A00B3BD07 /* Base */,
			);
			name = Main.storyboard;
			sourceTree = "<group>";
		};
		04A828671ABF121A00B3BD07 /* LaunchScreen.xib */ = {
			isa = PBXVariantGroup;
			children = (
				04A828681ABF121A00B3BD07 /* Base */,
			);
			name = LaunchScreen.xib;
			sourceTree = "<group>";
		};
/* End PBXVariantGroup section */

/* Begin XCBuildConfiguration section */
		04A828761ABF121B00B3BD07 /* Debug */ = {
			isa = XCBuildConfiguration;
			buildSettings = {
				ALWAYS_SEARCH_USER_PATHS = NO;
				CLANG_CXX_LANGUAGE_STANDARD = "gnu++0x";
				CLANG_CXX_LIBRARY = "libc++";
				CLANG_ENABLE_MODULES = YES;
				CLANG_ENABLE_OBJC_ARC = YES;
				CLANG_WARN_BOOL_CONVERSION = YES;
				CLANG_WARN_CONSTANT_CONVERSION = YES;
				CLANG_WARN_DIRECT_OBJC_ISA_USAGE = YES_ERROR;
				CLANG_WARN_EMPTY_BODY = YES;
				CLANG_WARN_ENUM_CONVERSION = YES;
				CLANG_WARN_INT_CONVERSION = YES;
				CLANG_WARN_OBJC_ROOT_CLASS = YES_ERROR;
				CLANG_WARN_UNREACHABLE_CODE = YES;
				CLANG_WARN__DUPLICATE_METHOD_MATCH = YES;
				"CODE_SIGN_IDENTITY[sdk=iphoneos*]" = "iPhone Developer";
				COPY_PHASE_STRIP = NO;
				ENABLE_STRICT_OBJC_MSGSEND = YES;
				GCC_C_LANGUAGE_STANDARD = gnu99;
				GCC_DYNAMIC_NO_PIC = NO;
				GCC_OPTIMIZATION_LEVEL = 0;
				GCC_PREPROCESSOR_DEFINITIONS = (
					"DEBUG=1",
					"$(inherited)",
				);
				GCC_SYMBOLS_PRIVATE_EXTERN = NO;
				GCC_WARN_64_TO_32_BIT_CONVERSION = YES;
				GCC_WARN_ABOUT_RETURN_TYPE = YES_ERROR;
				GCC_WARN_UNDECLARED_SELECTOR = YES;
				GCC_WARN_UNINITIALIZED_AUTOS = YES_AGGRESSIVE;
				GCC_WARN_UNUSED_FUNCTION = YES;
				GCC_WARN_UNUSED_VARIABLE = YES;
				IPHONEOS_DEPLOYMENT_TARGET = 8.2;
				MTL_ENABLE_DEBUG_INFO = YES;
				ONLY_ACTIVE_ARCH = YES;
				SDKROOT = iphoneos;
				SWIFT_OPTIMIZATION_LEVEL = "-Onone";
			};
			name = Debug;
		};
		04A828771ABF121B00B3BD07 /* Release */ = {
			isa = XCBuildConfiguration;
			buildSettings = {
				ALWAYS_SEARCH_USER_PATHS = NO;
				CLANG_CXX_LANGUAGE_STANDARD = "gnu++0x";
				CLANG_CXX_LIBRARY = "libc++";
				CLANG_ENABLE_MODULES = YES;
				CLANG_ENABLE_OBJC_ARC = YES;
				CLANG_WARN_BOOL_CONVERSION = YES;
				CLANG_WARN_CONSTANT_CONVERSION = YES;
				CLANG_WARN_DIRECT_OBJC_ISA_USAGE = YES_ERROR;
				CLANG_WARN_EMPTY_BODY = YES;
				CLANG_WARN_ENUM_CONVERSION = YES;
				CLANG_WARN_INT_CONVERSION = YES;
				CLANG_WARN_OBJC_ROOT_CLASS = YES_ERROR;
				CLANG_WARN_UNREACHABLE_CODE = YES;
				CLANG_WARN__DUPLICATE_METHOD_MATCH = YES;
				"CODE_SIGN_IDENTITY[sdk=iphoneos*]" = "iPhone Developer";
				COPY_PHASE_STRIP = NO;
				ENABLE_NS_ASSERTIONS = NO;
				ENABLE_STRICT_OBJC_MSGSEND = YES;
				GCC_C_LANGUAGE_STANDARD = gnu99;
				GCC_WARN_64_TO_32_BIT_CONVERSION = YES;
				GCC_WARN_ABOUT_RETURN_TYPE = YES_ERROR;
				GCC_WARN_UNDECLARED_SELECTOR = YES;
				GCC_WARN_UNINITIALIZED_AUTOS = YES_AGGRESSIVE;
				GCC_WARN_UNUSED_FUNCTION = YES;
				GCC_WARN_UNUSED_VARIABLE = YES;
				IPHONEOS_DEPLOYMENT_TARGET = 8.2;
				MTL_ENABLE_DEBUG_INFO = NO;
				SDKROOT = iphoneos;
				VALIDATE_PRODUCT = YES;
			};
			name = Release;
		};
		04A828791ABF121B00B3BD07 /* Debug */ = {
			isa = XCBuildConfiguration;
			buildSettings = {
				ASSETCATALOG_COMPILER_APPICON_NAME = AppIcon;
				INFOPLIST_FILE = CGDemo/Info.plist;
				LD_RUNPATH_SEARCH_PATHS = "$(inherited) @executable_path/Frameworks";
				PRODUCT_NAME = "$(TARGET_NAME)";
			};
			name = Debug;
		};
		04A8287A1ABF121B00B3BD07 /* Release */ = {
			isa = XCBuildConfiguration;
			buildSettings = {
				ASSETCATALOG_COMPILER_APPICON_NAME = AppIcon;
				INFOPLIST_FILE = CGDemo/Info.plist;
				LD_RUNPATH_SEARCH_PATHS = "$(inherited) @executable_path/Frameworks";
				PRODUCT_NAME = "$(TARGET_NAME)";
			};
			name = Release;
		};
		04A8287C1ABF121B00B3BD07 /* Debug */ = {
			isa = XCBuildConfiguration;
			buildSettings = {
				BUNDLE_LOADER = "$(TEST_HOST)";
				FRAMEWORK_SEARCH_PATHS = (
					"$(SDKROOT)/Developer/Library/Frameworks",
					"$(inherited)",
				);
				GCC_PREPROCESSOR_DEFINITIONS = (
					"DEBUG=1",
					"$(inherited)",
				);
				INFOPLIST_FILE = CGDemoTests/Info.plist;
				LD_RUNPATH_SEARCH_PATHS = "$(inherited) @executable_path/Frameworks @loader_path/Frameworks";
				PRODUCT_NAME = "$(TARGET_NAME)";
				TEST_HOST = "$(BUILT_PRODUCTS_DIR)/CGDemo.app/CGDemo";
			};
			name = Debug;
		};
		04A8287D1ABF121B00B3BD07 /* Release */ = {
			isa = XCBuildConfiguration;
			buildSettings = {
				BUNDLE_LOADER = "$(TEST_HOST)";
				FRAMEWORK_SEARCH_PATHS = (
					"$(SDKROOT)/Developer/Library/Frameworks",
					"$(inherited)",
				);
				INFOPLIST_FILE = CGDemoTests/Info.plist;
				LD_RUNPATH_SEARCH_PATHS = "$(inherited) @executable_path/Frameworks @loader_path/Frameworks";
				PRODUCT_NAME = "$(TARGET_NAME)";
				TEST_HOST = "$(BUILT_PRODUCTS_DIR)/CGDemo.app/CGDemo";
			};
			name = Release;
		};
/* End XCBuildConfiguration section */

/* Begin XCConfigurationList section */
		04A828511ABF121A00B3BD07 /* Build configuration list for PBXProject "CGDemo" */ = {
			isa = XCConfigurationList;
			buildConfigurations = (
				04A828761ABF121B00B3BD07 /* Debug */,
				04A828771ABF121B00B3BD07 /* Release */,
			);
			defaultConfigurationIsVisible = 0;
			defaultConfigurationName = Release;
		};
		04A828781ABF121B00B3BD07 /* Build configuration list for PBXNativeTarget "CGDemo" */ = {
			isa = XCConfigurationList;
			buildConfigurations = (
				04A828791ABF121B00B3BD07 /* Debug */,
				04A8287A1ABF121B00B3BD07 /* Release */,
			);
			defaultConfigurationIsVisible = 0;
		};
		04A8287B1ABF121B00B3BD07 /* Build configuration list for PBXNativeTarget "CGDemoTests" */ = {
			isa = XCConfigurationList;
			buildConfigurations = (
				04A8287C1ABF121B00B3BD07 /* Debug */,
				04A8287D1ABF121B00B3BD07 /* Release */,
			);
			defaultConfigurationIsVisible = 0;
		};
/* End XCConfigurationList section */

/* Begin XCVersionGroup section */
		04A8285D1ABF121A00B3BD07 /* CGDemo.xcdatamodeld */ = {
			isa = XCVersionGroup;
			children = (
				04A8285E1ABF121A00B3BD07 /* CGDemo.xcdatamodel */,
			);
			currentVersion = 04A8285E1ABF121A00B3BD07 /* CGDemo.xcdatamodel */;
			path = CGDemo.xcdatamodeld;
			sourceTree = "<group>";
			versionGroupType = wrapper.xcdatamodel;
		};
/* End XCVersionGroup section */
	};
	rootObject = 04A8284E1ABF121A00B3BD07 /* Project object */;
}
