// !$*UTF8*$!
{
	archiveVersion = 1;
	classes = {
	};
	objectVersion = 46;
	objects = {

/* Begin PBXBuildFile section */
		04A8282B1ABE9E9C00B3BD07 /* AppDelegate.swift in Sources */ = {isa = PBXBuildFile; fileRef = 04A8282A1ABE9E9C00B3BD07 /* AppDelegate.swift */; };
		04A8282E1ABE9E9C00B3BD07 /* DNApp.xcdatamodeld in Sources */ = {isa = PBXBuildFile; fileRef = 04A8282C1ABE9E9C00B3BD07 /* DNApp.xcdatamodeld */; };
		04A828301ABE9E9C00B3BD07 /* ViewController.swift in Sources */ = {isa = PBXBuildFile; fileRef = 04A8282F1ABE9E9C00B3BD07 /* ViewController.swift */; };
		04A828331ABE9E9C00B3BD07 /* Main.storyboard in Resources */ = {isa = PBXBuildFile; fileRef = 04A828311ABE9E9C00B3BD07 /* Main.storyboard */; };
		04A828351ABE9E9C00B3BD07 /* Images.xcassets in Resources */ = {isa = PBXBuildFile; fileRef = 04A828341ABE9E9C00B3BD07 /* Images.xcassets */; };
		04A828381ABE9E9C00B3BD07 /* LaunchScreen.xib in Resources */ = {isa = PBXBuildFile; fileRef = 04A828361ABE9E9C00B3BD07 /* LaunchScreen.xib */; };
		04A828441ABE9E9D00B3BD07 /* DNAppTests.swift in Sources */ = {isa = PBXBuildFile; fileRef = 04A828431ABE9E9D00B3BD07 /* DNAppTests.swift */; };
/* End PBXBuildFile section */

/* Begin PBXContainerItemProxy section */
		04A8283E1ABE9E9D00B3BD07 /* PBXContainerItemProxy */ = {
			isa = PBXContainerItemProxy;
			containerPortal = 04A8281D1ABE9E9C00B3BD07 /* Project object */;
			proxyType = 1;
			remoteGlobalIDString = 04A828241ABE9E9C00B3BD07;
			remoteInfo = DNApp;
		};
/* End PBXContainerItemProxy section */

/* Begin PBXFileReference section */
		04A828251ABE9E9C00B3BD07 /* DNApp.app */ = {isa = PBXFileReference; explicitFileType = wrapper.application; includeInIndex = 0; path = DNApp.app; sourceTree = BUILT_PRODUCTS_DIR; };
		04A828291ABE9E9C00B3BD07 /* Info.plist */ = {isa = PBXFileReference; lastKnownFileType = text.plist.xml; path = Info.plist; sourceTree = "<group>"; };
		04A8282A1ABE9E9C00B3BD07 /* AppDelegate.swift */ = {isa = PBXFileReference; lastKnownFileType = sourcecode.swift; path = AppDelegate.swift; sourceTree = "<group>"; };
		04A8282D1ABE9E9C00B3BD07 /* DNApp.xcdatamodel */ = {isa = PBXFileReference; lastKnownFileType = wrapper.xcdatamodel; path = DNApp.xcdatamodel; sourceTree = "<group>"; };
		04A8282F1ABE9E9C00B3BD07 /* ViewController.swift */ = {isa = PBXFileReference; lastKnownFileType = sourcecode.swift; path = ViewController.swift; sourceTree = "<group>"; };
		04A828321ABE9E9C00B3BD07 /* Base */ = {isa = PBXFileReference; lastKnownFileType = file.storyboard; name = Base; path = Base.lproj/Main.storyboard; sourceTree = "<group>"; };
		04A828341ABE9E9C00B3BD07 /* Images.xcassets */ = {isa = PBXFileReference; lastKnownFileType = folder.assetcatalog; path = Images.xcassets; sourceTree = "<group>"; };
		04A828371ABE9E9C00B3BD07 /* Base */ = {isa = PBXFileReference; lastKnownFileType = file.xib; name = Base; path = Base.lproj/LaunchScreen.xib; sourceTree = "<group>"; };
		04A8283D1ABE9E9D00B3BD07 /* DNAppTests.xctest */ = {isa = PBXFileReference; explicitFileType = wrapper.cfbundle; includeInIndex = 0; path = DNAppTests.xctest; sourceTree = BUILT_PRODUCTS_DIR; };
		04A828421ABE9E9D00B3BD07 /* Info.plist */ = {isa = PBXFileReference; lastKnownFileType = text.plist.xml; path = Info.plist; sourceTree = "<group>"; };
		04A828431ABE9E9D00B3BD07 /* DNAppTests.swift */ = {isa = PBXFileReference; lastKnownFileType = sourcecode.swift; path = DNAppTests.swift; sourceTree = "<group>"; };
/* End PBXFileReference section */

/* Begin PBXFrameworksBuildPhase section */
		04A828221ABE9E9C00B3BD07 /* Frameworks */ = {
			isa = PBXFrameworksBuildPhase;
			buildActionMask = 2147483647;
			files = (
			);
			runOnlyForDeploymentPostprocessing = 0;
		};
		04A8283A1ABE9E9D00B3BD07 /* Frameworks */ = {
			isa = PBXFrameworksBuildPhase;
			buildActionMask = 2147483647;
			files = (
			);
			runOnlyForDeploymentPostprocessing = 0;
		};
/* End PBXFrameworksBuildPhase section */

/* Begin PBXGroup section */
		04A8281C1ABE9E9C00B3BD07 = {
			isa = PBXGroup;
			children = (
				04A828271ABE9E9C00B3BD07 /* DNApp */,
				04A828401ABE9E9D00B3BD07 /* DNAppTests */,
				04A828261ABE9E9C00B3BD07 /* Products */,
			);
			sourceTree = "<group>";
		};
		04A828261ABE9E9C00B3BD07 /* Products */ = {
			isa = PBXGroup;
			children = (
				04A828251ABE9E9C00B3BD07 /* DNApp.app */,
				04A8283D1ABE9E9D00B3BD07 /* DNAppTests.xctest */,
			);
			name = Products;
			sourceTree = "<group>";
		};
		04A828271ABE9E9C00B3BD07 /* DNApp */ = {
			isa = PBXGroup;
			children = (
				04A8282A1ABE9E9C00B3BD07 /* AppDelegate.swift */,
				04A8282F1ABE9E9C00B3BD07 /* ViewController.swift */,
				04A828311ABE9E9C00B3BD07 /* Main.storyboard */,
				04A828341ABE9E9C00B3BD07 /* Images.xcassets */,
				04A828361ABE9E9C00B3BD07 /* LaunchScreen.xib */,
				04A8282C1ABE9E9C00B3BD07 /* DNApp.xcdatamodeld */,
				04A828281ABE9E9C00B3BD07 /* Supporting Files */,
			);
			path = DNApp;
			sourceTree = "<group>";
		};
		04A828281ABE9E9C00B3BD07 /* Supporting Files */ = {
			isa = PBXGroup;
			children = (
				04A828291ABE9E9C00B3BD07 /* Info.plist */,
			);
			name = "Supporting Files";
			sourceTree = "<group>";
		};
		04A828401ABE9E9D00B3BD07 /* DNAppTests */ = {
			isa = PBXGroup;
			children = (
				04A828431ABE9E9D00B3BD07 /* DNAppTests.swift */,
				04A828411ABE9E9D00B3BD07 /* Supporting Files */,
			);
			path = DNAppTests;
			sourceTree = "<group>";
		};
		04A828411ABE9E9D00B3BD07 /* Supporting Files */ = {
			isa = PBXGroup;
			children = (
				04A828421ABE9E9D00B3BD07 /* Info.plist */,
			);
			name = "Supporting Files";
			sourceTree = "<group>";
		};
/* End PBXGroup section */

/* Begin PBXNativeTarget section */
		04A828241ABE9E9C00B3BD07 /* DNApp */ = {
			isa = PBXNativeTarget;
			buildConfigurationList = 04A828471ABE9E9D00B3BD07 /* Build configuration list for PBXNativeTarget "DNApp" */;
			buildPhases = (
				04A828211ABE9E9C00B3BD07 /* Sources */,
				04A828221ABE9E9C00B3BD07 /* Frameworks */,
				04A828231ABE9E9C00B3BD07 /* Resources */,
			);
			buildRules = (
			);
			dependencies = (
			);
			name = DNApp;
			productName = DNApp;
			productReference = 04A828251ABE9E9C00B3BD07 /* DNApp.app */;
			productType = "com.apple.product-type.application";
		};
		04A8283C1ABE9E9D00B3BD07 /* DNAppTests */ = {
			isa = PBXNativeTarget;
			buildConfigurationList = 04A8284A1ABE9E9D00B3BD07 /* Build configuration list for PBXNativeTarget "DNAppTests" */;
			buildPhases = (
				04A828391ABE9E9D00B3BD07 /* Sources */,
				04A8283A1ABE9E9D00B3BD07 /* Frameworks */,
				04A8283B1ABE9E9D00B3BD07 /* Resources */,
			);
			buildRules = (
			);
			dependencies = (
				04A8283F1ABE9E9D00B3BD07 /* PBXTargetDependency */,
			);
			name = DNAppTests;
			productName = DNAppTests;
			productReference = 04A8283D1ABE9E9D00B3BD07 /* DNAppTests.xctest */;
			productType = "com.apple.product-type.bundle.unit-test";
		};
/* End PBXNativeTarget section */

/* Begin PBXProject section */
		04A8281D1ABE9E9C00B3BD07 /* Project object */ = {
			isa = PBXProject;
			attributes = {
				LastUpgradeCheck = 0620;
				ORGANIZATIONNAME = "Thibault Imbert";
				TargetAttributes = {
					04A828241ABE9E9C00B3BD07 = {
						CreatedOnToolsVersion = 6.2;
					};
					04A8283C1ABE9E9D00B3BD07 = {
						CreatedOnToolsVersion = 6.2;
						TestTargetID = 04A828241ABE9E9C00B3BD07;
					};
				};
			};
			buildConfigurationList = 04A828201ABE9E9C00B3BD07 /* Build configuration list for PBXProject "DNApp" */;
			compatibilityVersion = "Xcode 3.2";
			developmentRegion = English;
			hasScannedForEncodings = 0;
			knownRegions = (
				en,
				Base,
			);
			mainGroup = 04A8281C1ABE9E9C00B3BD07;
			productRefGroup = 04A828261ABE9E9C00B3BD07 /* Products */;
			projectDirPath = "";
			projectRoot = "";
			targets = (
				04A828241ABE9E9C00B3BD07 /* DNApp */,
				04A8283C1ABE9E9D00B3BD07 /* DNAppTests */,
			);
		};
/* End PBXProject section */

/* Begin PBXResourcesBuildPhase section */
		04A828231ABE9E9C00B3BD07 /* Resources */ = {
			isa = PBXResourcesBuildPhase;
			buildActionMask = 2147483647;
			files = (
				04A828331ABE9E9C00B3BD07 /* Main.storyboard in Resources */,
				04A828381ABE9E9C00B3BD07 /* LaunchScreen.xib in Resources */,
				04A828351ABE9E9C00B3BD07 /* Images.xcassets in Resources */,
			);
			runOnlyForDeploymentPostprocessing = 0;
		};
		04A8283B1ABE9E9D00B3BD07 /* Resources */ = {
			isa = PBXResourcesBuildPhase;
			buildActionMask = 2147483647;
			files = (
			);
			runOnlyForDeploymentPostprocessing = 0;
		};
/* End PBXResourcesBuildPhase section */

/* Begin PBXSourcesBuildPhase section */
		04A828211ABE9E9C00B3BD07 /* Sources */ = {
			isa = PBXSourcesBuildPhase;
			buildActionMask = 2147483647;
			files = (
				04A828301ABE9E9C00B3BD07 /* ViewController.swift in Sources */,
				04A8282B1ABE9E9C00B3BD07 /* AppDelegate.swift in Sources */,
				04A8282E1ABE9E9C00B3BD07 /* DNApp.xcdatamodeld in Sources */,
			);
			runOnlyForDeploymentPostprocessing = 0;
		};
		04A828391ABE9E9D00B3BD07 /* Sources */ = {
			isa = PBXSourcesBuildPhase;
			buildActionMask = 2147483647;
			files = (
				04A828441ABE9E9D00B3BD07 /* DNAppTests.swift in Sources */,
			);
			runOnlyForDeploymentPostprocessing = 0;
		};
/* End PBXSourcesBuildPhase section */

/* Begin PBXTargetDependency section */
		04A8283F1ABE9E9D00B3BD07 /* PBXTargetDependency */ = {
			isa = PBXTargetDependency;
			target = 04A828241ABE9E9C00B3BD07 /* DNApp */;
			targetProxy = 04A8283E1ABE9E9D00B3BD07 /* PBXContainerItemProxy */;
		};
/* End PBXTargetDependency section */

/* Begin PBXVariantGroup section */
		04A828311ABE9E9C00B3BD07 /* Main.storyboard */ = {
			isa = PBXVariantGroup;
			children = (
				04A828321ABE9E9C00B3BD07 /* Base */,
			);
			name = Main.storyboard;
			sourceTree = "<group>";
		};
		04A828361ABE9E9C00B3BD07 /* LaunchScreen.xib */ = {
			isa = PBXVariantGroup;
			children = (
				04A828371ABE9E9C00B3BD07 /* Base */,
			);
			name = LaunchScreen.xib;
			sourceTree = "<group>";
		};
/* End PBXVariantGroup section */

/* Begin XCBuildConfiguration section */
		04A828451ABE9E9D00B3BD07 /* Debug */ = {
			isa = XCBuildConfiguration;
			buildSettings = {
				ALWAYS_SEARCH_USER_PATHS = NO;
				CLANG_CXX_LANGUAGE_STANDARD = "gnu++0x";
				CLANG_CXX_LIBRARY = "libc++";
				CLANG_ENABLE_MODULES = YES;
				CLANG_ENABLE_OBJC_ARC = YES;
				CLANG_WARN_BOOL_CONVERSION = YES;
				CLANG_WARN_CONSTANT_CONVERSION = YES;
				CLANG_WARN_DIRECT_OBJC_ISA_USAGE = YES_ERROR;
				CLANG_WARN_EMPTY_BODY = YES;
				CLANG_WARN_ENUM_CONVERSION = YES;
				CLANG_WARN_INT_CONVERSION = YES;
				CLANG_WARN_OBJC_ROOT_CLASS = YES_ERROR;
				CLANG_WARN_UNREACHABLE_CODE = YES;
				CLANG_WARN__DUPLICATE_METHOD_MATCH = YES;
				"CODE_SIGN_IDENTITY[sdk=iphoneos*]" = "iPhone Developer";
				COPY_PHASE_STRIP = NO;
				ENABLE_STRICT_OBJC_MSGSEND = YES;
				GCC_C_LANGUAGE_STANDARD = gnu99;
				GCC_DYNAMIC_NO_PIC = NO;
				GCC_OPTIMIZATION_LEVEL = 0;
				GCC_PREPROCESSOR_DEFINITIONS = (
					"DEBUG=1",
					"$(inherited)",
				);
				GCC_SYMBOLS_PRIVATE_EXTERN = NO;
				GCC_WARN_64_TO_32_BIT_CONVERSION = YES;
				GCC_WARN_ABOUT_RETURN_TYPE = YES_ERROR;
				GCC_WARN_UNDECLARED_SELECTOR = YES;
				GCC_WARN_UNINITIALIZED_AUTOS = YES_AGGRESSIVE;
				GCC_WARN_UNUSED_FUNCTION = YES;
				GCC_WARN_UNUSED_VARIABLE = YES;
				IPHONEOS_DEPLOYMENT_TARGET = 8.2;
				MTL_ENABLE_DEBUG_INFO = YES;
				ONLY_ACTIVE_ARCH = YES;
				SDKROOT = iphoneos;
				SWIFT_OPTIMIZATION_LEVEL = "-Onone";
			};
			name = Debug;
		};
		04A828461ABE9E9D00B3BD07 /* Release */ = {
			isa = XCBuildConfiguration;
			buildSettings = {
				ALWAYS_SEARCH_USER_PATHS = NO;
				CLANG_CXX_LANGUAGE_STANDARD = "gnu++0x";
				CLANG_CXX_LIBRARY = "libc++";
				CLANG_ENABLE_MODULES = YES;
				CLANG_ENABLE_OBJC_ARC = YES;
				CLANG_WARN_BOOL_CONVERSION = YES;
				CLANG_WARN_CONSTANT_CONVERSION = YES;
				CLANG_WARN_DIRECT_OBJC_ISA_USAGE = YES_ERROR;
				CLANG_WARN_EMPTY_BODY = YES;
				CLANG_WARN_ENUM_CONVERSION = YES;
				CLANG_WARN_INT_CONVERSION = YES;
				CLANG_WARN_OBJC_ROOT_CLASS = YES_ERROR;
				CLANG_WARN_UNREACHABLE_CODE = YES;
				CLANG_WARN__DUPLICATE_METHOD_MATCH = YES;
				"CODE_SIGN_IDENTITY[sdk=iphoneos*]" = "iPhone Developer";
				COPY_PHASE_STRIP = NO;
				ENABLE_NS_ASSERTIONS = NO;
				ENABLE_STRICT_OBJC_MSGSEND = YES;
				GCC_C_LANGUAGE_STANDARD = gnu99;
				GCC_WARN_64_TO_32_BIT_CONVERSION = YES;
				GCC_WARN_ABOUT_RETURN_TYPE = YES_ERROR;
				GCC_WARN_UNDECLARED_SELECTOR = YES;
				GCC_WARN_UNINITIALIZED_AUTOS = YES_AGGRESSIVE;
				GCC_WARN_UNUSED_FUNCTION = YES;
				GCC_WARN_UNUSED_VARIABLE = YES;
				IPHONEOS_DEPLOYMENT_TARGET = 8.2;
				MTL_ENABLE_DEBUG_INFO = NO;
				SDKROOT = iphoneos;
				VALIDATE_PRODUCT = YES;
			};
			name = Release;
		};
		04A828481ABE9E9D00B3BD07 /* Debug */ = {
			isa = XCBuildConfiguration;
			buildSettings = {
				ASSETCATALOG_COMPILER_APPICON_NAME = AppIcon;
				INFOPLIST_FILE = DNApp/Info.plist;
				LD_RUNPATH_SEARCH_PATHS = "$(inherited) @executable_path/Frameworks";
				PRODUCT_NAME = "$(TARGET_NAME)";
			};
			name = Debug;
		};
		04A828491ABE9E9D00B3BD07 /* Release */ = {
			isa = XCBuildConfiguration;
			buildSettings = {
				ASSETCATALOG_COMPILER_APPICON_NAME = AppIcon;
				INFOPLIST_FILE = DNApp/Info.plist;
				LD_RUNPATH_SEARCH_PATHS = "$(inherited) @executable_path/Frameworks";
				PRODUCT_NAME = "$(TARGET_NAME)";
			};
			name = Release;
		};
		04A8284B1ABE9E9D00B3BD07 /* Debug */ = {
			isa = XCBuildConfiguration;
			buildSettings = {
				BUNDLE_LOADER = "$(TEST_HOST)";
				FRAMEWORK_SEARCH_PATHS = (
					"$(SDKROOT)/Developer/Library/Frameworks",
					"$(inherited)",
				);
				GCC_PREPROCESSOR_DEFINITIONS = (
					"DEBUG=1",
					"$(inherited)",
				);
				INFOPLIST_FILE = DNAppTests/Info.plist;
				LD_RUNPATH_SEARCH_PATHS = "$(inherited) @executable_path/Frameworks @loader_path/Frameworks";
				PRODUCT_NAME = "$(TARGET_NAME)";
				TEST_HOST = "$(BUILT_PRODUCTS_DIR)/DNApp.app/DNApp";
			};
			name = Debug;
		};
		04A8284C1ABE9E9D00B3BD07 /* Release */ = {
			isa = XCBuildConfiguration;
			buildSettings = {
				BUNDLE_LOADER = "$(TEST_HOST)";
				FRAMEWORK_SEARCH_PATHS = (
					"$(SDKROOT)/Developer/Library/Frameworks",
					"$(inherited)",
				);
				INFOPLIST_FILE = DNAppTests/Info.plist;
				LD_RUNPATH_SEARCH_PATHS = "$(inherited) @executable_path/Frameworks @loader_path/Frameworks";
				PRODUCT_NAME = "$(TARGET_NAME)";
				TEST_HOST = "$(BUILT_PRODUCTS_DIR)/DNApp.app/DNApp";
			};
			name = Release;
		};
/* End XCBuildConfiguration section */

/* Begin XCConfigurationList section */
		04A828201ABE9E9C00B3BD07 /* Build configuration list for PBXProject "DNApp" */ = {
			isa = XCConfigurationList;
			buildConfigurations = (
				04A828451ABE9E9D00B3BD07 /* Debug */,
				04A828461ABE9E9D00B3BD07 /* Release */,
			);
			defaultConfigurationIsVisible = 0;
			defaultConfigurationName = Release;
		};
		04A828471ABE9E9D00B3BD07 /* Build configuration list for PBXNativeTarget "DNApp" */ = {
			isa = XCConfigurationList;
			buildConfigurations = (
				04A828481ABE9E9D00B3BD07 /* Debug */,
				04A828491ABE9E9D00B3BD07 /* Release */,
			);
			defaultConfigurationIsVisible = 0;
		};
		04A8284A1ABE9E9D00B3BD07 /* Build configuration list for PBXNativeTarget "DNAppTests" */ = {
			isa = XCConfigurationList;
			buildConfigurations = (
				04A8284B1ABE9E9D00B3BD07 /* Debug */,
				04A8284C1ABE9E9D00B3BD07 /* Release */,
			);
			defaultConfigurationIsVisible = 0;
		};
/* End XCConfigurationList section */

/* Begin XCVersionGroup section */
		04A8282C1ABE9E9C00B3BD07 /* DNApp.xcdatamodeld */ = {
			isa = XCVersionGroup;
			children = (
				04A8282D1ABE9E9C00B3BD07 /* DNApp.xcdatamodel */,
			);
			currentVersion = 04A8282D1ABE9E9C00B3BD07 /* DNApp.xcdatamodel */;
			path = DNApp.xcdatamodeld;
			sourceTree = "<group>";
			versionGroupType = wrapper.xcdatamodel;
		};
/* End XCVersionGroup section */
	};
	rootObject = 04A8281D1ABE9E9C00B3BD07 /* Project object */;
}
